
Microsoft Visual Studio Solution File, Format Version 12.00
# Visual Studio Version 17
VisualStudioVersion = 17.6.33829.357
MinimumVisualStudioVersion = 10.0.40219.1
Project("{9A19103F-16F7-4668-BE54-9A1E7A4F7556}") = "Test-Drive", "Test-Drive.csproj", "{A32D65DB-4D59-4A13-B153-911FB62741FC}"
EndProject
Global
	GlobalSection(SolutionConfigurationPlatforms) = preSolution
		Debug|Any CPU = Debug|Any CPU
		Release|Any CPU = Release|Any CPU
	EndGlobalSection
	GlobalSection(ProjectConfigurationPlatforms) = postSolution
		{A32D65DB-4D59-4A13-B153-911FB62741FC}.Debug|Any CPU.ActiveCfg = Debug|Any CPU
		{A32D65DB-4D59-4A13-B153-911FB62741FC}.Debug|Any CPU.Build.0 = Debug|Any CPU
		{A32D65DB-4D59-4A13-B153-911FB62741FC}.Release|Any CPU.ActiveCfg = Release|Any CPU
		{A32D65DB-4D59-4A13-B153-911FB62741FC}.Release|Any CPU.Build.0 = Release|Any CPU
	EndGlobalSection
	GlobalSection(SolutionProperties) = preSolution
		HideSolutionNode = FALSE
	EndGlobalSection
	GlobalSection(ExtensibilityGlobals) = postSolution
		SolutionGuid = {78221303-3BF4-468A-A6AF-BEF3176CB699}
	EndGlobalSection
EndGlobal
